// !$*UTF8*$!
{
	archiveVersion = 1;
	classes = {
	};
	objectVersion = 46;
	objects = {

/* Begin PBXBuildFile section */
		88979F231E67C824004399DB /* Assets.xcassets in Resources */ = {isa = PBXBuildFile; fileRef = 88979F221E67C824004399DB /* Assets.xcassets */; };
		88979F2A1E67C824004399DB /* MessagesExtension.appex in Embed App Extensions */ = {isa = PBXBuildFile; fileRef = 88979F291E67C824004399DB /* MessagesExtension.appex */; settings = {ATTRIBUTES = (RemoveHeadersOnCopy, ); }; };
		88979F2F1E67C824004399DB /* Messages.framework in Frameworks */ = {isa = PBXBuildFile; fileRef = 88979F2E1E67C824004399DB /* Messages.framework */; };
		88979F321E67C824004399DB /* MessagesViewController.swift in Sources */ = {isa = PBXBuildFile; fileRef = 88979F311E67C824004399DB /* MessagesViewController.swift */; };
		88979F351E67C824004399DB /* MainInterface.storyboard in Resources */ = {isa = PBXBuildFile; fileRef = 88979F331E67C824004399DB /* MainInterface.storyboard */; };
		88979F371E67C824004399DB /* Assets.xcassets in Resources */ = {isa = PBXBuildFile; fileRef = 88979F361E67C824004399DB /* Assets.xcassets */; };
/* End PBXBuildFile section */

/* Begin PBXContainerItemProxy section */
		88979F2B1E67C824004399DB /* PBXContainerItemProxy */ = {
			isa = PBXContainerItemProxy;
			containerPortal = 88979F191E67C824004399DB /* Project object */;
			proxyType = 1;
			remoteGlobalIDString = 88979F281E67C824004399DB;
			remoteInfo = MessagesExtension;
		};
/* End PBXContainerItemProxy section */

/* Begin PBXCopyFilesBuildPhase section */
		88979F3E1E67C824004399DB /* Embed App Extensions */ = {
			isa = PBXCopyFilesBuildPhase;
			buildActionMask = 2147483647;
			dstPath = "";
			dstSubfolderSpec = 13;
			files = (
				88979F2A1E67C824004399DB /* MessagesExtension.appex in Embed App Extensions */,
			);
			name = "Embed App Extensions";
			runOnlyForDeploymentPostprocessing = 0;
		};
/* End PBXCopyFilesBuildPhase section */

/* Begin PBXFileReference section */
		88979F1F1E67C824004399DB /* Clapp.app */ = {isa = PBXFileReference; explicitFileType = wrapper.application; includeInIndex = 0; path = Clapp.app; sourceTree = BUILT_PRODUCTS_DIR; };
		88979F221E67C824004399DB /* Assets.xcassets */ = {isa = PBXFileReference; lastKnownFileType = folder.assetcatalog; path = Assets.xcassets; sourceTree = "<group>"; };
		88979F241E67C824004399DB /* Info.plist */ = {isa = PBXFileReference; lastKnownFileType = text.plist.xml; path = Info.plist; sourceTree = "<group>"; };
		88979F291E67C824004399DB /* MessagesExtension.appex */ = {isa = PBXFileReference; explicitFileType = "wrapper.app-extension"; includeInIndex = 0; path = MessagesExtension.appex; sourceTree = BUILT_PRODUCTS_DIR; };
		88979F2E1E67C824004399DB /* Messages.framework */ = {isa = PBXFileReference; lastKnownFileType = wrapper.framework; name = Messages.framework; path = System/Library/Frameworks/Messages.framework; sourceTree = SDKROOT; };
		88979F311E67C824004399DB /* MessagesViewController.swift */ = {isa = PBXFileReference; lastKnownFileType = sourcecode.swift; path = MessagesViewController.swift; sourceTree = "<group>"; };
		88979F341E67C824004399DB /* Base */ = {isa = PBXFileReference; lastKnownFileType = file.storyboard; name = Base; path = Base.lproj/MainInterface.storyboard; sourceTree = "<group>"; };
		88979F361E67C824004399DB /* Assets.xcassets */ = {isa = PBXFileReference; lastKnownFileType = folder.assetcatalog; path = Assets.xcassets; sourceTree = "<group>"; };
		88979F381E67C824004399DB /* Info.plist */ = {isa = PBXFileReference; lastKnownFileType = text.plist.xml; path = Info.plist; sourceTree = "<group>"; };
/* End PBXFileReference section */

/* Begin PBXFrameworksBuildPhase section */
		88979F261E67C824004399DB /* Frameworks */ = {
			isa = PBXFrameworksBuildPhase;
			buildActionMask = 2147483647;
			files = (
				88979F2F1E67C824004399DB /* Messages.framework in Frameworks */,
			);
			runOnlyForDeploymentPostprocessing = 0;
		};
/* End PBXFrameworksBuildPhase section */

/* Begin PBXGroup section */
		88979F181E67C824004399DB = {
			isa = PBXGroup;
			children = (
				88979F211E67C824004399DB /* Clapp */,
				88979F301E67C824004399DB /* MessagesExtension */,
				88979F2D1E67C824004399DB /* Frameworks */,
				88979F201E67C824004399DB /* Products */,
			);
			sourceTree = "<group>";
		};
		88979F201E67C824004399DB /* Products */ = {
			isa = PBXGroup;
			children = (
				88979F1F1E67C824004399DB /* Clapp.app */,
				88979F291E67C824004399DB /* MessagesExtension.appex */,
			);
			name = Products;
			sourceTree = "<group>";
		};
		88979F211E67C824004399DB /* Clapp */ = {
			isa = PBXGroup;
			children = (
				88979F221E67C824004399DB /* Assets.xcassets */,
				88979F241E67C824004399DB /* Info.plist */,
			);
			path = Clapp;
			sourceTree = "<group>";
		};
		88979F2D1E67C824004399DB /* Frameworks */ = {
			isa = PBXGroup;
			children = (
				88979F2E1E67C824004399DB /* Messages.framework */,
			);
			name = Frameworks;
			sourceTree = "<group>";
		};
		88979F301E67C824004399DB /* MessagesExtension */ = {
			isa = PBXGroup;
			children = (
				88979F311E67C824004399DB /* MessagesViewController.swift */,
				88979F331E67C824004399DB /* MainInterface.storyboard */,
				88979F361E67C824004399DB /* Assets.xcassets */,
				88979F381E67C824004399DB /* Info.plist */,
			);
			path = MessagesExtension;
			sourceTree = "<group>";
		};
/* End PBXGroup section */

/* Begin PBXNativeTarget section */
		88979F1E1E67C824004399DB /* Clapp */ = {
			isa = PBXNativeTarget;
			buildConfigurationList = 88979F3F1E67C824004399DB /* Build configuration list for PBXNativeTarget "Clapp" */;
			buildPhases = (
				88979F1D1E67C824004399DB /* Resources */,
				88979F3E1E67C824004399DB /* Embed App Extensions */,
			);
			buildRules = (
			);
			dependencies = (
				88979F2C1E67C824004399DB /* PBXTargetDependency */,
			);
			name = Clapp;
			productName = Clapp;
			productReference = 88979F1F1E67C824004399DB /* Clapp.app */;
			productType = "com.apple.product-type.application.messages";
		};
		88979F281E67C824004399DB /* MessagesExtension */ = {
			isa = PBXNativeTarget;
			buildConfigurationList = 88979F3B1E67C824004399DB /* Build configuration list for PBXNativeTarget "MessagesExtension" */;
			buildPhases = (
				88979F251E67C824004399DB /* Sources */,
				88979F261E67C824004399DB /* Frameworks */,
				88979F271E67C824004399DB /* Resources */,
			);
			buildRules = (
			);
			dependencies = (
			);
			name = MessagesExtension;
			productName = MessagesExtension;
			productReference = 88979F291E67C824004399DB /* MessagesExtension.appex */;
			productType = "com.apple.product-type.app-extension.messages";
		};
/* End PBXNativeTarget section */

/* Begin PBXProject section */
		88979F191E67C824004399DB /* Project object */ = {
			isa = PBXProject;
			attributes = {
				LastSwiftUpdateCheck = 0820;
				LastUpgradeCheck = 0820;
				ORGANIZATIONNAME = "Camille Kander";
				TargetAttributes = {
					88979F1E1E67C824004399DB = {
						CreatedOnToolsVersion = 8.2.1;
						DevelopmentTeam = KM2FFNF25K;
						ProvisioningStyle = Automatic;
					};
					88979F281E67C824004399DB = {
						CreatedOnToolsVersion = 8.2.1;
						DevelopmentTeam = KM2FFNF25K;
						ProvisioningStyle = Automatic;
					};
				};
			};
			buildConfigurationList = 88979F1C1E67C824004399DB /* Build configuration list for PBXProject "Clapp" */;
			compatibilityVersion = "Xcode 3.2";
			developmentRegion = English;
			hasScannedForEncodings = 0;
			knownRegions = (
				en,
				Base,
			);
			mainGroup = 88979F181E67C824004399DB;
			productRefGroup = 88979F201E67C824004399DB /* Products */;
			projectDirPath = "";
			projectRoot = "";
			targets = (
				88979F1E1E67C824004399DB /* Clapp */,
				88979F281E67C824004399DB /* MessagesExtension */,
			);
		};
/* End PBXProject section */

/* Begin PBXResourcesBuildPhase section */
		88979F1D1E67C824004399DB /* Resources */ = {
			isa = PBXResourcesBuildPhase;
			buildActionMask = 2147483647;
			files = (
				88979F231E67C824004399DB /* Assets.xcassets in Resources */,
			);
			runOnlyForDeploymentPostprocessing = 0;
		};
		88979F271E67C824004399DB /* Resources */ = {
			isa = PBXResourcesBuildPhase;
			buildActionMask = 2147483647;
			files = (
				88979F371E67C824004399DB /* Assets.xcassets in Resources */,
				88979F351E67C824004399DB /* MainInterface.storyboard in Resources */,
			);
			runOnlyForDeploymentPostprocessing = 0;
		};
/* End PBXResourcesBuildPhase section */

/* Begin PBXSourcesBuildPhase section */
		88979F251E67C824004399DB /* Sources */ = {
			isa = PBXSourcesBuildPhase;
			buildActionMask = 2147483647;
			files = (
				88979F321E67C824004399DB /* MessagesViewController.swift in Sources */,
			);
			runOnlyForDeploymentPostprocessing = 0;
		};
/* End PBXSourcesBuildPhase section */

/* Begin PBXTargetDependency section */
		88979F2C1E67C824004399DB /* PBXTargetDependency */ = {
			isa = PBXTargetDependency;
			target = 88979F281E67C824004399DB /* MessagesExtension */;
			targetProxy = 88979F2B1E67C824004399DB /* PBXContainerItemProxy */;
		};
/* End PBXTargetDependency section */

/* Begin PBXVariantGroup section */
		88979F331E67C824004399DB /* MainInterface.storyboard */ = {
			isa = PBXVariantGroup;
			children = (
				88979F341E67C824004399DB /* Base */,
			);
			name = MainInterface.storyboard;
			sourceTree = "<group>";
		};
/* End PBXVariantGroup section */

/* Begin XCBuildConfiguration section */
		88979F391E67C824004399DB /* Debug */ = {
			isa = XCBuildConfiguration;
			buildSettings = {
				ALWAYS_SEARCH_USER_PATHS = NO;
				CLANG_ANALYZER_NONNULL = YES;
				CLANG_CXX_LANGUAGE_STANDARD = "gnu++0x";
				CLANG_CXX_LIBRARY = "libc++";
				CLANG_ENABLE_MODULES = YES;
				CLANG_ENABLE_OBJC_ARC = YES;
				CLANG_WARN_BOOL_CONVERSION = YES;
				CLANG_WARN_CONSTANT_CONVERSION = YES;
				CLANG_WARN_DIRECT_OBJC_ISA_USAGE = YES_ERROR;
				CLANG_WARN_DOCUMENTATION_COMMENTS = YES;
				CLANG_WARN_EMPTY_BODY = YES;
				CLANG_WARN_ENUM_CONVERSION = YES;
				CLANG_WARN_INFINITE_RECURSION = YES;
				CLANG_WARN_INT_CONVERSION = YES;
				CLANG_WARN_OBJC_ROOT_CLASS = YES_ERROR;
				CLANG_WARN_SUSPICIOUS_MOVE = YES;
				CLANG_WARN_UNREACHABLE_CODE = YES;
				CLANG_WARN__DUPLICATE_METHOD_MATCH = YES;
				"CODE_SIGN_IDENTITY[sdk=iphoneos*]" = "iPhone Developer";
				COPY_PHASE_STRIP = NO;
				DEBUG_INFORMATION_FORMAT = dwarf;
				ENABLE_STRICT_OBJC_MSGSEND = YES;
				ENABLE_TESTABILITY = YES;
				GCC_C_LANGUAGE_STANDARD = gnu99;
				GCC_DYNAMIC_NO_PIC = NO;
				GCC_NO_COMMON_BLOCKS = YES;
				GCC_OPTIMIZATION_LEVEL = 0;
				GCC_PREPROCESSOR_DEFINITIONS = (
					"DEBUG=1",
					"$(inherited)",
				);
				GCC_WARN_64_TO_32_BIT_CONVERSION = YES;
				GCC_WARN_ABOUT_RETURN_TYPE = YES_ERROR;
				GCC_WARN_UNDECLARED_SELECTOR = YES;
				GCC_WARN_UNINITIALIZED_AUTOS = YES_AGGRESSIVE;
				GCC_WARN_UNUSED_FUNCTION = YES;
				GCC_WARN_UNUSED_VARIABLE = YES;
				IPHONEOS_DEPLOYMENT_TARGET = 10.2;
				MTL_ENABLE_DEBUG_INFO = YES;
				ONLY_ACTIVE_ARCH = YES;
				SDKROOT = iphoneos;
				SWIFT_ACTIVE_COMPILATION_CONDITIONS = DEBUG;
				SWIFT_OPTIMIZATION_LEVEL = "-Onone";
				TARGETED_DEVICE_FAMILY = "1,2";
			};
			name = Debug;
		};
		88979F3A1E67C824004399DB /* Release */ = {
			isa = XCBuildConfiguration;
			buildSettings = {
				ALWAYS_SEARCH_USER_PATHS = NO;
				CLANG_ANALYZER_NONNULL = YES;
				CLANG_CXX_LANGUAGE_STANDARD = "gnu++0x";
				CLANG_CXX_LIBRARY = "libc++";
				CLANG_ENABLE_MODULES = YES;
				CLANG_ENABLE_OBJC_ARC = YES;
				CLANG_WARN_BOOL_CONVERSION = YES;
				CLANG_WARN_CONSTANT_CONVERSION = YES;
				CLANG_WARN_DIRECT_OBJC_ISA_USAGE = YES_ERROR;
				CLANG_WARN_DOCUMENTATION_COMMENTS = YES;
				CLANG_WARN_EMPTY_BODY = YES;
				CLANG_WARN_ENUM_CONVERSION = YES;
				CLANG_WARN_INFINITE_RECURSION = YES;
				CLANG_WARN_INT_CONVERSION = YES;
				CLANG_WARN_OBJC_ROOT_CLASS = YES_ERROR;
				CLANG_WARN_SUSPICIOUS_MOVE = YES;
				CLANG_WARN_UNREACHABLE_CODE = YES;
				CLANG_WARN__DUPLICATE_METHOD_MATCH = YES;
				"CODE_SIGN_IDENTITY[sdk=iphoneos*]" = "iPhone Developer";
				COPY_PHASE_STRIP = NO;
				DEBUG_INFORMATION_FORMAT = "dwarf-with-dsym";
				ENABLE_NS_ASSERTIONS = NO;
				ENABLE_STRICT_OBJC_MSGSEND = YES;
				GCC_C_LANGUAGE_STANDARD = gnu99;
				GCC_NO_COMMON_BLOCKS = YES;
				GCC_WARN_64_TO_32_BIT_CONVERSION = YES;
				GCC_WARN_ABOUT_RETURN_TYPE = YES_ERROR;
				GCC_WARN_UNDECLARED_SELECTOR = YES;
				GCC_WARN_UNINITIALIZED_AUTOS = YES_AGGRESSIVE;
				GCC_WARN_UNUSED_FUNCTION = YES;
				GCC_WARN_UNUSED_VARIABLE = YES;
				IPHONEOS_DEPLOYMENT_TARGET = 10.2;
				MTL_ENABLE_DEBUG_INFO = NO;
				SDKROOT = iphoneos;
				SWIFT_OPTIMIZATION_LEVEL = "-Owholemodule";
				TARGETED_DEVICE_FAMILY = "1,2";
				VALIDATE_PRODUCT = YES;
			};
			name = Release;
		};
		88979F3C1E67C824004399DB /* Debug */ = {
			isa = XCBuildConfiguration;
			buildSettings = {
				ASSETCATALOG_COMPILER_APPICON_NAME = "iMessage App Icon";
				DEVELOPMENT_TEAM = KM2FFNF25K;
				INFOPLIST_FILE = MessagesExtension/Info.plist;
				LD_RUNPATH_SEARCH_PATHS = "$(inherited) @executable_path/Frameworks @executable_path/../../Frameworks";
				PRODUCT_BUNDLE_IDENTIFIER = com.kander.camille.Clapp.MessagesExtension;
				PRODUCT_NAME = "$(TARGET_NAME)";
				SKIP_INSTALL = YES;
				SWIFT_VERSION = 3.0;
			};
			name = Debug;
		};
		88979F3D1E67C824004399DB /* Release */ = {
			isa = XCBuildConfiguration;
			buildSettings = {
				ASSETCATALOG_COMPILER_APPICON_NAME = "iMessage App Icon";
				DEVELOPMENT_TEAM = KM2FFNF25K;
				INFOPLIST_FILE = MessagesExtension/Info.plist;
				LD_RUNPATH_SEARCH_PATHS = "$(inherited) @executable_path/Frameworks @executable_path/../../Frameworks";
				PRODUCT_BUNDLE_IDENTIFIER = com.kander.camille.Clapp.MessagesExtension;
				PRODUCT_NAME = "$(TARGET_NAME)";
				SKIP_INSTALL = YES;
				SWIFT_VERSION = 3.0;
			};
			name = Release;
		};
		88979F401E67C824004399DB /* Debug */ = {
			isa = XCBuildConfiguration;
			buildSettings = {
				ALWAYS_EMBED_SWIFT_STANDARD_LIBRARIES = YES;
				ASSETCATALOG_COMPILER_APPICON_NAME = AppIcon;
				DEVELOPMENT_TEAM = KM2FFNF25K;
				INFOPLIST_FILE = Clapp/Info.plist;
				PRODUCT_BUNDLE_IDENTIFIER = com.kander.camille.Clapp;
				PRODUCT_NAME = "$(TARGET_NAME)";
				SWIFT_VERSION = 3.0;
			};
			name = Debug;
		};
		88979F411E67C824004399DB /* Release */ = {
			isa = XCBuildConfiguration;
			buildSettings = {
				ALWAYS_EMBED_SWIFT_STANDARD_LIBRARIES = YES;
				ASSETCATALOG_COMPILER_APPICON_NAME = AppIcon;
				DEVELOPMENT_TEAM = KM2FFNF25K;
				INFOPLIST_FILE = Clapp/Info.plist;
				PRODUCT_BUNDLE_IDENTIFIER = com.kander.camille.Clapp;
				PRODUCT_NAME = "$(TARGET_NAME)";
				SWIFT_VERSION = 3.0;
			};
			name = Release;
		};
/* End XCBuildConfiguration section */

/* Begin XCConfigurationList section */
		88979F1C1E67C824004399DB /* Build configuration list for PBXProject "Clapp" */ = {
			isa = XCConfigurationList;
			buildConfigurations = (
				88979F391E67C824004399DB /* Debug */,
				88979F3A1E67C824004399DB /* Release */,
			);
			defaultConfigurationIsVisible = 0;
			defaultConfigurationName = Release;
		};
		88979F3B1E67C824004399DB /* Build configuration list for PBXNativeTarget "MessagesExtension" */ = {
			isa = XCConfigurationList;
			buildConfigurations = (
				88979F3C1E67C824004399DB /* Debug */,
				88979F3D1E67C824004399DB /* Release */,
			);
			defaultConfigurationIsVisible = 0;
		};
		88979F3F1E67C824004399DB /* Build configuration list for PBXNativeTarget "Clapp" */ = {
			isa = XCConfigurationList;
			buildConfigurations = (
				88979F401E67C824004399DB /* Debug */,
				88979F411E67C824004399DB /* Release */,
			);
			defaultConfigurationIsVisible = 0;
		};
/* End XCConfigurationList section */
	};
	rootObject = 88979F191E67C824004399DB /* Project object */;
}
